
Microsoft Visual Studio Solution File, Format Version 12.00
# Visual Studio 15
VisualStudioVersion = 15.0.28010.0
MinimumVisualStudioVersion = 10.0.40219.1
Project("{FAE04EC0-301F-11D3-BF4B-00C04F79EFBC}") = "Assessment3Part3", "Assessment3Part3\Assessment3Part3.csproj", "{999CD21D-78EA-4400-9EC0-0F8FD16AB56F}"
EndProject
Global
	GlobalSection(SolutionConfigurationPlatforms) = preSolution
		Debug|Any CPU = Debug|Any CPU
		Release|Any CPU = Release|Any CPU
	EndGlobalSection
	GlobalSection(ProjectConfigurationPlatforms) = postSolution
		{999CD21D-78EA-4400-9EC0-0F8FD16AB56F}.Debug|Any CPU.ActiveCfg = Debug|Any CPU
		{999CD21D-78EA-4400-9EC0-0F8FD16AB56F}.Debug|Any CPU.Build.0 = Debug|Any CPU
		{999CD21D-78EA-4400-9EC0-0F8FD16AB56F}.Release|Any CPU.ActiveCfg = Release|Any CPU
		{999CD21D-78EA-4400-9EC0-0F8FD16AB56F}.Release|Any CPU.Build.0 = Release|Any CPU
	EndGlobalSection
	GlobalSection(SolutionProperties) = preSolution
		HideSolutionNode = FALSE
	EndGlobalSection
	GlobalSection(ExtensibilityGlobals) = postSolution
		SolutionGuid = {03B4299E-3C18-47C2-9708-FB66831196D3}
	EndGlobalSection
EndGlobal
